
Microsoft Visual Studio Solution File, Format Version 12.00
# Visual Studio Version 17
VisualStudioVersion = 17.3.32922.545
MinimumVisualStudioVersion = 10.0.40219.1
Project("{9A19103F-16F7-4668-BE54-9A1E7A4F7556}") = "_FlowEngine", "FlowEngine\_FlowEngine.csproj", "{DA5F8B60-6996-448E-9373-9CBA1995B800}"
EndProject
Project("{9A19103F-16F7-4668-BE54-9A1E7A4F7556}") = "FlowEngineCore", "Interfaces\FlowEngineCore.csproj", "{A64C8EE9-0809-481F-945F-7FA769822C6A}"
EndProject
Project("{9A19103F-16F7-4668-BE54-9A1E7A4F7556}") = "Database", "Db\Database.csproj", "{9484314D-1E9C-4D06-8215-A59CC013E6D3}"
EndProject
Project("{2150E333-8FDC-42A3-9474-1A3956D46DE8}") = "Solution Items", "Solution Items", "{60600893-1B3B-43CB-9044-1BF62CE17CF2}"
	ProjectSection(SolutionItems) = preProject
		.editorconfig = .editorconfig
	EndProjectSection
EndProject
Project("{9A19103F-16F7-4668-BE54-9A1E7A4F7556}") = "FlowEngineDesigner", "FlowEngineDesigner\FlowEngineDesigner.csproj", "{C3C55677-CADB-42DD-A582-95B5A0B9508B}"
EndProject
Project("{9A19103F-16F7-4668-BE54-9A1E7A4F7556}") = "Http", "Http\Http.csproj", "{A286C942-6E10-4C79-B04F-30D2E3E4AE8B}"
EndProject
Project("{9A19103F-16F7-4668-BE54-9A1E7A4F7556}") = "Logger", "Log\Logger.csproj", "{C6A71A78-641E-4F72-8DDF-452FB72591F4}"
EndProject
Project("{9A19103F-16F7-4668-BE54-9A1E7A4F7556}") = "FlowCore", "Flow\FlowCore.csproj", "{3EC0672F-39FF-4DAB-A8B3-836206DBB800}"
EndProject
Project("{9A19103F-16F7-4668-BE54-9A1E7A4F7556}") = "Session", "Session\Session.csproj", "{FE88610A-7A96-453E-BE62-5D00A5738AD6}"
EndProject
Project("{9A19103F-16F7-4668-BE54-9A1E7A4F7556}") = "Validation", "Validation\Validation.csproj", "{3C34896B-A6A1-4530-9F38-3C5052716B6A}"
EndProject
Project("{FAE04EC0-301F-11D3-BF4B-00C04F79EFBC}") = "Email", "Email\Email.csproj", "{73BB2E0B-365C-4614-82A7-FD215EBEEBD9}"
EndProject
Global
	GlobalSection(SolutionConfigurationPlatforms) = preSolution
		Debug|Any CPU = Debug|Any CPU
		Release|Any CPU = Release|Any CPU
	EndGlobalSection
	GlobalSection(ProjectConfigurationPlatforms) = postSolution
		{DA5F8B60-6996-448E-9373-9CBA1995B800}.Debug|Any CPU.ActiveCfg = Debug|Any CPU
		{DA5F8B60-6996-448E-9373-9CBA1995B800}.Debug|Any CPU.Build.0 = Debug|Any CPU
		{DA5F8B60-6996-448E-9373-9CBA1995B800}.Release|Any CPU.ActiveCfg = Release|Any CPU
		{DA5F8B60-6996-448E-9373-9CBA1995B800}.Release|Any CPU.Build.0 = Release|Any CPU
		{A64C8EE9-0809-481F-945F-7FA769822C6A}.Debug|Any CPU.ActiveCfg = Debug|Any CPU
		{A64C8EE9-0809-481F-945F-7FA769822C6A}.Debug|Any CPU.Build.0 = Debug|Any CPU
		{A64C8EE9-0809-481F-945F-7FA769822C6A}.Release|Any CPU.ActiveCfg = Release|Any CPU
		{A64C8EE9-0809-481F-945F-7FA769822C6A}.Release|Any CPU.Build.0 = Release|Any CPU
		{9484314D-1E9C-4D06-8215-A59CC013E6D3}.Debug|Any CPU.ActiveCfg = Debug|Any CPU
		{9484314D-1E9C-4D06-8215-A59CC013E6D3}.Debug|Any CPU.Build.0 = Debug|Any CPU
		{9484314D-1E9C-4D06-8215-A59CC013E6D3}.Release|Any CPU.ActiveCfg = Release|Any CPU
		{9484314D-1E9C-4D06-8215-A59CC013E6D3}.Release|Any CPU.Build.0 = Release|Any CPU
		{C3C55677-CADB-42DD-A582-95B5A0B9508B}.Debug|Any CPU.ActiveCfg = Debug|Any CPU
		{C3C55677-CADB-42DD-A582-95B5A0B9508B}.Debug|Any CPU.Build.0 = Debug|Any CPU
		{C3C55677-CADB-42DD-A582-95B5A0B9508B}.Release|Any CPU.ActiveCfg = Release|Any CPU
		{C3C55677-CADB-42DD-A582-95B5A0B9508B}.Release|Any CPU.Build.0 = Release|Any CPU
		{A286C942-6E10-4C79-B04F-30D2E3E4AE8B}.Debug|Any CPU.ActiveCfg = Debug|Any CPU
		{A286C942-6E10-4C79-B04F-30D2E3E4AE8B}.Debug|Any CPU.Build.0 = Debug|Any CPU
		{A286C942-6E10-4C79-B04F-30D2E3E4AE8B}.Release|Any CPU.ActiveCfg = Release|Any CPU
		{A286C942-6E10-4C79-B04F-30D2E3E4AE8B}.Release|Any CPU.Build.0 = Release|Any CPU
		{C6A71A78-641E-4F72-8DDF-452FB72591F4}.Debug|Any CPU.ActiveCfg = Debug|Any CPU
		{C6A71A78-641E-4F72-8DDF-452FB72591F4}.Debug|Any CPU.Build.0 = Debug|Any CPU
		{C6A71A78-641E-4F72-8DDF-452FB72591F4}.Release|Any CPU.ActiveCfg = Release|Any CPU
		{C6A71A78-641E-4F72-8DDF-452FB72591F4}.Release|Any CPU.Build.0 = Release|Any CPU
		{3EC0672F-39FF-4DAB-A8B3-836206DBB800}.Debug|Any CPU.ActiveCfg = Debug|Any CPU
		{3EC0672F-39FF-4DAB-A8B3-836206DBB800}.Debug|Any CPU.Build.0 = Debug|Any CPU
		{3EC0672F-39FF-4DAB-A8B3-836206DBB800}.Release|Any CPU.ActiveCfg = Release|Any CPU
		{3EC0672F-39FF-4DAB-A8B3-836206DBB800}.Release|Any CPU.Build.0 = Release|Any CPU
		{FE88610A-7A96-453E-BE62-5D00A5738AD6}.Debug|Any CPU.ActiveCfg = Debug|Any CPU
		{FE88610A-7A96-453E-BE62-5D00A5738AD6}.Debug|Any CPU.Build.0 = Debug|Any CPU
		{FE88610A-7A96-453E-BE62-5D00A5738AD6}.Release|Any CPU.ActiveCfg = Release|Any CPU
		{FE88610A-7A96-453E-BE62-5D00A5738AD6}.Release|Any CPU.Build.0 = Release|Any CPU
		{3C34896B-A6A1-4530-9F38-3C5052716B6A}.Debug|Any CPU.ActiveCfg = Debug|Any CPU
		{3C34896B-A6A1-4530-9F38-3C5052716B6A}.Debug|Any CPU.Build.0 = Debug|Any CPU
		{3C34896B-A6A1-4530-9F38-3C5052716B6A}.Release|Any CPU.ActiveCfg = Release|Any CPU
		{3C34896B-A6A1-4530-9F38-3C5052716B6A}.Release|Any CPU.Build.0 = Release|Any CPU
		{73BB2E0B-365C-4614-82A7-FD215EBEEBD9}.Debug|Any CPU.ActiveCfg = Debug|Any CPU
		{73BB2E0B-365C-4614-82A7-FD215EBEEBD9}.Debug|Any CPU.Build.0 = Debug|Any CPU
		{73BB2E0B-365C-4614-82A7-FD215EBEEBD9}.Release|Any CPU.ActiveCfg = Release|Any CPU
		{73BB2E0B-365C-4614-82A7-FD215EBEEBD9}.Release|Any CPU.Build.0 = Release|Any CPU
	EndGlobalSection
	GlobalSection(SolutionProperties) = preSolution
		HideSolutionNode = FALSE
	EndGlobalSection
	GlobalSection(ExtensibilityGlobals) = postSolution
		SolutionGuid = {E277BDA1-EA0F-4A5E-A94C-B746594B5FDD}
	EndGlobalSection
EndGlobal
